Microsoft Visual Studio Solution File, Format Version 11.00
# Visual Studio 2008

Project("{BDA86857-B532-E4B9-2E83-E6098557DA51}") = "Eits Invasi Zat Udut", "Assembly-CSharp.csproj", "{949C36D1-AB6C-06CD-1038-139BF8F4BB78}"
EndProject
Global
	GlobalSection(SolutionConfigurationPlatforms) = preSolution
		Debug|Any CPU = Debug|Any CPU
		Release|Any CPU = Release|Any CPU
	EndGlobalSection
	GlobalSection(ProjectConfigurationPlatforms) = postSolution
		{949C36D1-AB6C-06CD-1038-139BF8F4BB78}.Debug|Any CPU.ActiveCfg = Debug|Any CPU
		{949C36D1-AB6C-06CD-1038-139BF8F4BB78}.Debug|Any CPU.Build.0 = Debug|Any CPU
		{949C36D1-AB6C-06CD-1038-139BF8F4BB78}.Release|Any CPU.ActiveCfg = Release|Any CPU
		{949C36D1-AB6C-06CD-1038-139BF8F4BB78}.Release|Any CPU.Build.0 = Release|Any CPU
	EndGlobalSection
	GlobalSection(SolutionProperties) = preSolution
		HideSolutionNode = FALSE
	EndGlobalSection
	GlobalSection(MonoDevelopProperties) = preSolution
		StartupItem = Assembly-CSharp.csproj
	EndGlobalSection
EndGlobal
